
Microsoft Visual Studio Solution File, Format Version 12.00
# Visual Studio Version 17
VisualStudioVersion = 17.9.34902.65
MinimumVisualStudioVersion = 10.0.40219.1
Project("{FAE04EC0-301F-11D3-BF4B-00C04F79EFBC}") = "BasicCalculator", "BasicCalculator\BasicCalculator.csproj", "{0F2B0CD0-E984-4D10-AF6D-729301791CCB}"
EndProject
Global
	GlobalSection(SolutionConfigurationPlatforms) = preSolution
		Debug|Any CPU = Debug|Any CPU
		Release|Any CPU = Release|Any CPU
	EndGlobalSection
	GlobalSection(ProjectConfigurationPlatforms) = postSolution
		{0F2B0CD0-E984-4D10-AF6D-729301791CCB}.Debug|Any CPU.ActiveCfg = Debug|Any CPU
		{0F2B0CD0-E984-4D10-AF6D-729301791CCB}.Debug|Any CPU.Build.0 = Debug|Any CPU
		{0F2B0CD0-E984-4D10-AF6D-729301791CCB}.Release|Any CPU.ActiveCfg = Release|Any CPU
		{0F2B0CD0-E984-4D10-AF6D-729301791CCB}.Release|Any CPU.Build.0 = Release|Any CPU
	EndGlobalSection
	GlobalSection(SolutionProperties) = preSolution
		HideSolutionNode = FALSE
	EndGlobalSection
	GlobalSection(ExtensibilityGlobals) = postSolution
		SolutionGuid = {C91487BB-3566-47DA-B076-673660D86142}
	EndGlobalSection
EndGlobal
